// !$*UTF8*$!
{
	archiveVersion = 1;
	classes = {
	};
	objectVersion = 50;
	objects = {

/* Begin PBXBuildFile section */
		7437F2E025D6DC6F009B94B4 /* AppDelegate.swift in Sources */ = {isa = PBXBuildFile; fileRef = 7437F2DF25D6DC6F009B94B4 /* AppDelegate.swift */; };
		7437F2E225D6DC6F009B94B4 /* art.scnassets in Resources */ = {isa = PBXBuildFile; fileRef = 7437F2E125D6DC6F009B94B4 /* art.scnassets */; };
		7437F2E425D6DC6F009B94B4 /* ViewController.swift in Sources */ = {isa = PBXBuildFile; fileRef = 7437F2E325D6DC6F009B94B4 /* ViewController.swift */; };
		7437F2E725D6DC6F009B94B4 /* Main.storyboard in Resources */ = {isa = PBXBuildFile; fileRef = 7437F2E525D6DC6F009B94B4 /* Main.storyboard */; };
		7437F2E925D6DC70009B94B4 /* Assets.xcassets in Resources */ = {isa = PBXBuildFile; fileRef = 7437F2E825D6DC70009B94B4 /* Assets.xcassets */; };
		7437F2EC25D6DC70009B94B4 /* LaunchScreen.storyboard in Resources */ = {isa = PBXBuildFile; fileRef = 7437F2EA25D6DC70009B94B4 /* LaunchScreen.storyboard */; };
		74D8D11826F343D9009B1CDA /* Screenshot03.png in Resources */ = {isa = PBXBuildFile; fileRef = 74D8D11426F343D9009B1CDA /* Screenshot03.png */; };
		74D8D11F26F344DA009B1CDA /* Screenshot04.png in Resources */ = {isa = PBXBuildFile; fileRef = 74D8D11C26F344DA009B1CDA /* Screenshot04.png */; };
		74D8D12026F344DA009B1CDA /* Screenshot01.png in Resources */ = {isa = PBXBuildFile; fileRef = 74D8D11D26F344DA009B1CDA /* Screenshot01.png */; };
		74D8D12126F344DA009B1CDA /* Screenshot02.png in Resources */ = {isa = PBXBuildFile; fileRef = 74D8D11E26F344DA009B1CDA /* Screenshot02.png */; };
/* End PBXBuildFile section */

/* Begin PBXFileReference section */
		7437F2DC25D6DC6F009B94B4 /* Poke3D.app */ = {isa = PBXFileReference; explicitFileType = wrapper.application; includeInIndex = 0; path = Poke3D.app; sourceTree = BUILT_PRODUCTS_DIR; };
		7437F2DF25D6DC6F009B94B4 /* AppDelegate.swift */ = {isa = PBXFileReference; lastKnownFileType = sourcecode.swift; path = AppDelegate.swift; sourceTree = "<group>"; };
		7437F2E125D6DC6F009B94B4 /* art.scnassets */ = {isa = PBXFileReference; lastKnownFileType = wrapper.scnassets; path = art.scnassets; sourceTree = "<group>"; };
		7437F2E325D6DC6F009B94B4 /* ViewController.swift */ = {isa = PBXFileReference; lastKnownFileType = sourcecode.swift; path = ViewController.swift; sourceTree = "<group>"; };
		7437F2E625D6DC6F009B94B4 /* Base */ = {isa = PBXFileReference; lastKnownFileType = file.storyboard; name = Base; path = Base.lproj/Main.storyboard; sourceTree = "<group>"; };
		7437F2E825D6DC70009B94B4 /* Assets.xcassets */ = {isa = PBXFileReference; lastKnownFileType = folder.assetcatalog; path = Assets.xcassets; sourceTree = "<group>"; };
		7437F2EB25D6DC70009B94B4 /* Base */ = {isa = PBXFileReference; lastKnownFileType = file.storyboard; name = Base; path = Base.lproj/LaunchScreen.storyboard; sourceTree = "<group>"; };
		7437F2ED25D6DC70009B94B4 /* Info.plist */ = {isa = PBXFileReference; lastKnownFileType = text.plist.xml; path = Info.plist; sourceTree = "<group>"; };
		74D8D11426F343D9009B1CDA /* Screenshot03.png */ = {isa = PBXFileReference; lastKnownFileType = image.png; path = Screenshot03.png; sourceTree = "<group>"; };
		74D8D11C26F344DA009B1CDA /* Screenshot04.png */ = {isa = PBXFileReference; lastKnownFileType = image.png; path = Screenshot04.png; sourceTree = "<group>"; };
		74D8D11D26F344DA009B1CDA /* Screenshot01.png */ = {isa = PBXFileReference; lastKnownFileType = image.png; path = Screenshot01.png; sourceTree = "<group>"; };
		74D8D11E26F344DA009B1CDA /* Screenshot02.png */ = {isa = PBXFileReference; lastKnownFileType = image.png; path = Screenshot02.png; sourceTree = "<group>"; };
/* End PBXFileReference section */

/* Begin PBXFrameworksBuildPhase section */
		7437F2D925D6DC6F009B94B4 /* Frameworks */ = {
			isa = PBXFrameworksBuildPhase;
			buildActionMask = 2147483647;
			files = (
			);
			runOnlyForDeploymentPostprocessing = 0;
		};
/* End PBXFrameworksBuildPhase section */

/* Begin PBXGroup section */
		7437F2D325D6DC6F009B94B4 = {
			isa = PBXGroup;
			children = (
				74D8D10B26F3424B009B1CDA /* Screensjots */,
				7437F2DE25D6DC6F009B94B4 /* Poke3D */,
				7437F2DD25D6DC6F009B94B4 /* Products */,
			);
			sourceTree = "<group>";
		};
		7437F2DD25D6DC6F009B94B4 /* Products */ = {
			isa = PBXGroup;
			children = (
				7437F2DC25D6DC6F009B94B4 /* Poke3D.app */,
			);
			name = Products;
			sourceTree = "<group>";
		};
		7437F2DE25D6DC6F009B94B4 /* Poke3D */ = {
			isa = PBXGroup;
			children = (
				7437F2DF25D6DC6F009B94B4 /* AppDelegate.swift */,
				7437F2E325D6DC6F009B94B4 /* ViewController.swift */,
				7437F2E525D6DC6F009B94B4 /* Main.storyboard */,
				7437F2E825D6DC70009B94B4 /* Assets.xcassets */,
				7437F2E125D6DC6F009B94B4 /* art.scnassets */,
				7437F2EA25D6DC70009B94B4 /* LaunchScreen.storyboard */,
				7437F2ED25D6DC70009B94B4 /* Info.plist */,
			);
			path = Poke3D;
			sourceTree = "<group>";
		};
		74D8D10B26F3424B009B1CDA /* Screensjots */ = {
			isa = PBXGroup;
			children = (
				74D8D11426F343D9009B1CDA /* Screenshot03.png */,
				74D8D11D26F344DA009B1CDA /* Screenshot01.png */,
				74D8D11E26F344DA009B1CDA /* Screenshot02.png */,
				74D8D11C26F344DA009B1CDA /* Screenshot04.png */,
			);
			path = Screensjots;
			sourceTree = "<group>";
		};
/* End PBXGroup section */

/* Begin PBXNativeTarget section */
		7437F2DB25D6DC6F009B94B4 /* Poke3D */ = {
			isa = PBXNativeTarget;
			buildConfigurationList = 7437F2F025D6DC70009B94B4 /* Build configuration list for PBXNativeTarget "Poke3D" */;
			buildPhases = (
				7437F2D825D6DC6F009B94B4 /* Sources */,
				7437F2D925D6DC6F009B94B4 /* Frameworks */,
				7437F2DA25D6DC6F009B94B4 /* Resources */,
			);
			buildRules = (
			);
			dependencies = (
			);
			name = Poke3D;
			productName = Poke3D;
			productReference = 7437F2DC25D6DC6F009B94B4 /* Poke3D.app */;
			productType = "com.apple.product-type.application";
		};
/* End PBXNativeTarget section */

/* Begin PBXProject section */
		7437F2D425D6DC6F009B94B4 /* Project object */ = {
			isa = PBXProject;
			attributes = {
				LastSwiftUpdateCheck = 1240;
				LastUpgradeCheck = 1240;
				TargetAttributes = {
					7437F2DB25D6DC6F009B94B4 = {
						CreatedOnToolsVersion = 12.4;
					};
				};
			};
			buildConfigurationList = 7437F2D725D6DC6F009B94B4 /* Build configuration list for PBXProject "Poke3D" */;
			compatibilityVersion = "Xcode 9.3";
			developmentRegion = en;
			hasScannedForEncodings = 0;
			knownRegions = (
				en,
				Base,
			);
			mainGroup = 7437F2D325D6DC6F009B94B4;
			productRefGroup = 7437F2DD25D6DC6F009B94B4 /* Products */;
			projectDirPath = "";
			projectRoot = "";
			targets = (
				7437F2DB25D6DC6F009B94B4 /* Poke3D */,
			);
		};
/* End PBXProject section */

/* Begin PBXResourcesBuildPhase section */
		7437F2DA25D6DC6F009B94B4 /* Resources */ = {
			isa = PBXResourcesBuildPhase;
			buildActionMask = 2147483647;
			files = (
				7437F2E225D6DC6F009B94B4 /* art.scnassets in Resources */,
				7437F2EC25D6DC70009B94B4 /* LaunchScreen.storyboard in Resources */,
				7437F2E925D6DC70009B94B4 /* Assets.xcassets in Resources */,
				74D8D12126F344DA009B1CDA /* Screenshot02.png in Resources */,
				74D8D12026F344DA009B1CDA /* Screenshot01.png in Resources */,
				74D8D11826F343D9009B1CDA /* Screenshot03.png in Resources */,
				7437F2E725D6DC6F009B94B4 /* Main.storyboard in Resources */,
				74D8D11F26F344DA009B1CDA /* Screenshot04.png in Resources */,
			);
			runOnlyForDeploymentPostprocessing = 0;
		};
/* End PBXResourcesBuildPhase section */

/* Begin PBXSourcesBuildPhase section */
		7437F2D825D6DC6F009B94B4 /* Sources */ = {
			isa = PBXSourcesBuildPhase;
			buildActionMask = 2147483647;
			files = (
				7437F2E425D6DC6F009B94B4 /* ViewController.swift in Sources */,
				7437F2E025D6DC6F009B94B4 /* AppDelegate.swift in Sources */,
			);
			runOnlyForDeploymentPostprocessing = 0;
		};
/* End PBXSourcesBuildPhase section */

/* Begin PBXVariantGroup section */
		7437F2E525D6DC6F009B94B4 /* Main.storyboard */ = {
			isa = PBXVariantGroup;
			children = (
				7437F2E625D6DC6F009B94B4 /* Base */,
			);
			name = Main.storyboard;
			sourceTree = "<group>";
		};
		7437F2EA25D6DC70009B94B4 /* LaunchScreen.storyboard */ = {
			isa = PBXVariantGroup;
			children = (
				7437F2EB25D6DC70009B94B4 /* Base */,
			);
			name = LaunchScreen.storyboard;
			sourceTree = "<group>";
		};
/* End PBXVariantGroup section */

/* Begin XCBuildConfiguration section */
		7437F2EE25D6DC70009B94B4 /* Debug */ = {
			isa = XCBuildConfiguration;
			buildSettings = {
				ALWAYS_SEARCH_USER_PATHS = NO;
				CLANG_ANALYZER_NONNULL = YES;
				CLANG_ANALYZER_NUMBER_OBJECT_CONVERSION = YES_AGGRESSIVE;
				CLANG_CXX_LANGUAGE_STANDARD = "gnu++14";
				CLANG_CXX_LIBRARY = "libc++";
				CLANG_ENABLE_MODULES = YES;
				CLANG_ENABLE_OBJC_ARC = YES;
				CLANG_ENABLE_OBJC_WEAK = YES;
				CLANG_WARN_BLOCK_CAPTURE_AUTORELEASING = YES;
				CLANG_WARN_BOOL_CONVERSION = YES;
				CLANG_WARN_COMMA = YES;
				CLANG_WARN_CONSTANT_CONVERSION = YES;
				CLANG_WARN_DEPRECATED_OBJC_IMPLEMENTATIONS = YES;
				CLANG_WARN_DIRECT_OBJC_ISA_USAGE = YES_ERROR;
				CLANG_WARN_DOCUMENTATION_COMMENTS = YES;
				CLANG_WARN_EMPTY_BODY = YES;
				CLANG_WARN_ENUM_CONVERSION = YES;
				CLANG_WARN_INFINITE_RECURSION = YES;
				CLANG_WARN_INT_CONVERSION = YES;
				CLANG_WARN_NON_LITERAL_NULL_CONVERSION = YES;
				CLANG_WARN_OBJC_IMPLICIT_RETAIN_SELF = YES;
				CLANG_WARN_OBJC_LITERAL_CONVERSION = YES;
				CLANG_WARN_OBJC_ROOT_CLASS = YES_ERROR;
				CLANG_WARN_QUOTED_INCLUDE_IN_FRAMEWORK_HEADER = YES;
				CLANG_WARN_RANGE_LOOP_ANALYSIS = YES;
				CLANG_WARN_STRICT_PROTOTYPES = YES;
				CLANG_WARN_SUSPICIOUS_MOVE = YES;
				CLANG_WARN_UNGUARDED_AVAILABILITY = YES_AGGRESSIVE;
				CLANG_WARN_UNREACHABLE_CODE = YES;
				CLANG_WARN__DUPLICATE_METHOD_MATCH = YES;
				COPY_PHASE_STRIP = NO;
				DEBUG_INFORMATION_FORMAT = dwarf;
				ENABLE_STRICT_OBJC_MSGSEND = YES;
				ENABLE_TESTABILITY = YES;
				GCC_C_LANGUAGE_STANDARD = gnu11;
				GCC_DYNAMIC_NO_PIC = NO;
				GCC_NO_COMMON_BLOCKS = YES;
				GCC_OPTIMIZATION_LEVEL = 0;
				GCC_PREPROCESSOR_DEFINITIONS = (
					"DEBUG=1",
					"$(inherited)",
				);
				GCC_WARN_64_TO_32_BIT_CONVERSION = YES;
				GCC_WARN_ABOUT_RETURN_TYPE = YES_ERROR;
				GCC_WARN_UNDECLARED_SELECTOR = YES;
				GCC_WARN_UNINITIALIZED_AUTOS = YES_AGGRESSIVE;
				GCC_WARN_UNUSED_FUNCTION = YES;
				GCC_WARN_UNUSED_VARIABLE = YES;
				IPHONEOS_DEPLOYMENT_TARGET = 14.4;
				MTL_ENABLE_DEBUG_INFO = INCLUDE_SOURCE;
				MTL_FAST_MATH = YES;
				ONLY_ACTIVE_ARCH = YES;
				SDKROOT = iphoneos;
				SWIFT_ACTIVE_COMPILATION_CONDITIONS = DEBUG;
				SWIFT_OPTIMIZATION_LEVEL = "-Onone";
			};
			name = Debug;
		};
		7437F2EF25D6DC70009B94B4 /* Release */ = {
			isa = XCBuildConfiguration;
			buildSettings = {
				ALWAYS_SEARCH_USER_PATHS = NO;
				CLANG_ANALYZER_NONNULL = YES;
				CLANG_ANALYZER_NUMBER_OBJECT_CONVERSION = YES_AGGRESSIVE;
				CLANG_CXX_LANGUAGE_STANDARD = "gnu++14";
				CLANG_CXX_LIBRARY = "libc++";
				CLANG_ENABLE_MODULES = YES;
				CLANG_ENABLE_OBJC_ARC = YES;
				CLANG_ENABLE_OBJC_WEAK = YES;
				CLANG_WARN_BLOCK_CAPTURE_AUTORELEASING = YES;
				CLANG_WARN_BOOL_CONVERSION = YES;
				CLANG_WARN_COMMA = YES;
				CLANG_WARN_CONSTANT_CONVERSION = YES;
				CLANG_WARN_DEPRECATED_OBJC_IMPLEMENTATIONS = YES;
				CLANG_WARN_DIRECT_OBJC_ISA_USAGE = YES_ERROR;
				CLANG_WARN_DOCUMENTATION_COMMENTS = YES;
				CLANG_WARN_EMPTY_BODY = YES;
				CLANG_WARN_ENUM_CONVERSION = YES;
				CLANG_WARN_INFINITE_RECURSION = YES;
				CLANG_WARN_INT_CONVERSION = YES;
				CLANG_WARN_NON_LITERAL_NULL_CONVERSION = YES;
				CLANG_WARN_OBJC_IMPLICIT_RETAIN_SELF = YES;
				CLANG_WARN_OBJC_LITERAL_CONVERSION = YES;
				CLANG_WARN_OBJC_ROOT_CLASS = YES_ERROR;
				CLANG_WARN_QUOTED_INCLUDE_IN_FRAMEWORK_HEADER = YES;
				CLANG_WARN_RANGE_LOOP_ANALYSIS = YES;
				CLANG_WARN_STRICT_PROTOTYPES = YES;
				CLANG_WARN_SUSPICIOUS_MOVE = YES;
				CLANG_WARN_UNGUARDED_AVAILABILITY = YES_AGGRESSIVE;
				CLANG_WARN_UNREACHABLE_CODE = YES;
				CLANG_WARN__DUPLICATE_METHOD_MATCH = YES;
				COPY_PHASE_STRIP = NO;
				DEBUG_INFORMATION_FORMAT = "dwarf-with-dsym";
				ENABLE_NS_ASSERTIONS = NO;
				ENABLE_STRICT_OBJC_MSGSEND = YES;
				GCC_C_LANGUAGE_STANDARD = gnu11;
				GCC_NO_COMMON_BLOCKS = YES;
				GCC_WARN_64_TO_32_BIT_CONVERSION = YES;
				GCC_WARN_ABOUT_RETURN_TYPE = YES_ERROR;
				GCC_WARN_UNDECLARED_SELECTOR = YES;
				GCC_WARN_UNINITIALIZED_AUTOS = YES_AGGRESSIVE;
				GCC_WARN_UNUSED_FUNCTION = YES;
				GCC_WARN_UNUSED_VARIABLE = YES;
				IPHONEOS_DEPLOYMENT_TARGET = 14.4;
				MTL_ENABLE_DEBUG_INFO = NO;
				MTL_FAST_MATH = YES;
				SDKROOT = iphoneos;
				SWIFT_COMPILATION_MODE = wholemodule;
				SWIFT_OPTIMIZATION_LEVEL = "-O";
				VALIDATE_PRODUCT = YES;
			};
			name = Release;
		};
		7437F2F125D6DC70009B94B4 /* Debug */ = {
			isa = XCBuildConfiguration;
			buildSettings = {
				ASSETCATALOG_COMPILER_APPICON_NAME = AppIcon;
				ASSETCATALOG_COMPILER_GLOBAL_ACCENT_COLOR_NAME = AccentColor;
				CODE_SIGN_STYLE = Automatic;
				DEVELOPMENT_TEAM = 6747545FKZ;
				INFOPLIST_FILE = Poke3D/Info.plist;
				LD_RUNPATH_SEARCH_PATHS = (
					"$(inherited)",
					"@executable_path/Frameworks",
				);
				PRODUCT_BUNDLE_IDENTIFIER = com.MikhailMoskvichev.Poke3D;
				PRODUCT_NAME = "$(TARGET_NAME)";
				SWIFT_VERSION = 5.0;
				TARGETED_DEVICE_FAMILY = "1,2";
			};
			name = Debug;
		};
		7437F2F225D6DC70009B94B4 /* Release */ = {
			isa = XCBuildConfiguration;
			buildSettings = {
				ASSETCATALOG_COMPILER_APPICON_NAME = AppIcon;
				ASSETCATALOG_COMPILER_GLOBAL_ACCENT_COLOR_NAME = AccentColor;
				CODE_SIGN_STYLE = Automatic;
				DEVELOPMENT_TEAM = 6747545FKZ;
				INFOPLIST_FILE = Poke3D/Info.plist;
				LD_RUNPATH_SEARCH_PATHS = (
					"$(inherited)",
					"@executable_path/Frameworks",
				);
				PRODUCT_BUNDLE_IDENTIFIER = com.MikhailMoskvichev.Poke3D;
				PRODUCT_NAME = "$(TARGET_NAME)";
				SWIFT_VERSION = 5.0;
				TARGETED_DEVICE_FAMILY = "1,2";
			};
			name = Release;
		};
/* End XCBuildConfiguration section */

/* Begin XCConfigurationList section */
		7437F2D725D6DC6F009B94B4 /* Build configuration list for PBXProject "Poke3D" */ = {
			isa = XCConfigurationList;
			buildConfigurations = (
				7437F2EE25D6DC70009B94B4 /* Debug */,
				7437F2EF25D6DC70009B94B4 /* Release */,
			);
			defaultConfigurationIsVisible = 0;
			defaultConfigurationName = Release;
		};
		7437F2F025D6DC70009B94B4 /* Build configuration list for PBXNativeTarget "Poke3D" */ = {
			isa = XCConfigurationList;
			buildConfigurations = (
				7437F2F125D6DC70009B94B4 /* Debug */,
				7437F2F225D6DC70009B94B4 /* Release */,
			);
			defaultConfigurationIsVisible = 0;
			defaultConfigurationName = Release;
		};
/* End XCConfigurationList section */
	};
	rootObject = 7437F2D425D6DC6F009B94B4 /* Project object */;
}
